
Microsoft Visual Studio Solution File, Format Version 12.00
# Visual Studio Version 17
VisualStudioVersion = 17.8.34408.163
MinimumVisualStudioVersion = 10.0.40219.1
Project("{9A19103F-16F7-4668-BE54-9A1E7A4F7556}") = "MiHolaMundoenCSharp", "MiHolaMundoenCSharp\MiHolaMundoenCSharp.csproj", "{7D31BD81-2A74-4C42-9D19-F0DF1FAC5B7C}"
EndProject
Project("{9A19103F-16F7-4668-BE54-9A1E7A4F7556}") = "Desafio1NombreApellido", "Desafio1NombreApellido\Desafio1NombreApellido.csproj", "{018571FA-D5AA-41FF-910B-8F646BE993CA}"
EndProject
Project("{9A19103F-16F7-4668-BE54-9A1E7A4F7556}") = "Objetos", "Objetos\Objetos.csproj", "{999EA063-7D91-4E49-916B-587A3BDC7C8C}"
EndProject
Project("{FAE04EC0-301F-11D3-BF4B-00C04F79EFBC}") = "Clase&", "Clase&\Clase&.csproj", "{415A85FE-E56D-4CBA-BAF0-73AD8EE14E87}"
EndProject
Global
	GlobalSection(SolutionConfigurationPlatforms) = preSolution
		Debug|Any CPU = Debug|Any CPU
		Release|Any CPU = Release|Any CPU
	EndGlobalSection
	GlobalSection(ProjectConfigurationPlatforms) = postSolution
		{7D31BD81-2A74-4C42-9D19-F0DF1FAC5B7C}.Debug|Any CPU.ActiveCfg = Debug|Any CPU
		{7D31BD81-2A74-4C42-9D19-F0DF1FAC5B7C}.Debug|Any CPU.Build.0 = Debug|Any CPU
		{7D31BD81-2A74-4C42-9D19-F0DF1FAC5B7C}.Release|Any CPU.ActiveCfg = Release|Any CPU
		{7D31BD81-2A74-4C42-9D19-F0DF1FAC5B7C}.Release|Any CPU.Build.0 = Release|Any CPU
		{018571FA-D5AA-41FF-910B-8F646BE993CA}.Debug|Any CPU.ActiveCfg = Debug|Any CPU
		{018571FA-D5AA-41FF-910B-8F646BE993CA}.Debug|Any CPU.Build.0 = Debug|Any CPU
		{018571FA-D5AA-41FF-910B-8F646BE993CA}.Release|Any CPU.ActiveCfg = Release|Any CPU
		{018571FA-D5AA-41FF-910B-8F646BE993CA}.Release|Any CPU.Build.0 = Release|Any CPU
		{999EA063-7D91-4E49-916B-587A3BDC7C8C}.Debug|Any CPU.ActiveCfg = Debug|Any CPU
		{999EA063-7D91-4E49-916B-587A3BDC7C8C}.Debug|Any CPU.Build.0 = Debug|Any CPU
		{999EA063-7D91-4E49-916B-587A3BDC7C8C}.Release|Any CPU.ActiveCfg = Release|Any CPU
		{999EA063-7D91-4E49-916B-587A3BDC7C8C}.Release|Any CPU.Build.0 = Release|Any CPU
		{415A85FE-E56D-4CBA-BAF0-73AD8EE14E87}.Debug|Any CPU.ActiveCfg = Debug|Any CPU
		{415A85FE-E56D-4CBA-BAF0-73AD8EE14E87}.Debug|Any CPU.Build.0 = Debug|Any CPU
		{415A85FE-E56D-4CBA-BAF0-73AD8EE14E87}.Release|Any CPU.ActiveCfg = Release|Any CPU
		{415A85FE-E56D-4CBA-BAF0-73AD8EE14E87}.Release|Any CPU.Build.0 = Release|Any CPU
	EndGlobalSection
	GlobalSection(SolutionProperties) = preSolution
		HideSolutionNode = FALSE
	EndGlobalSection
	GlobalSection(ExtensibilityGlobals) = postSolution
		SolutionGuid = {103BEEBA-8AAB-4A42-8ECD-C955F159F60C}
	EndGlobalSection
EndGlobal
